{
    "_meta": {
        "hash": {
            "sha256": "f2fec14417b120662382621ef5aa99b0581762c5b8185477874cd1cc4842277b"
        },
        "pipfile-spec": 6,
        "requires": {
            "python_version": "3.9"
        },
        "sources": [
            {
                "name": "pypi",
                "url": "https://pypi.org/simple",
                "verify_ssl": true
            }
        ]
    },
    "default": {
        "numpy": {
            "hashes": [
                "sha256:0cfe07133fd00b27edee5e6385e333e9eeb010607e8a46e1cd673f05f8596595",
                "sha256:11a1f3816ea82eed4178102c56281782690ab5993251fdfd75039aad4d20385f",
                "sha256:2762331de395739c91f1abb88041f94a080cb1143aeec791b3b223976228af3f",
                "sha256:283d9de87c0133ef98f93dfc09fad3fb382f2a15580de75c02b5bb36a5a159a5",
                "sha256:3d22662b4b10112c545c91a0741f2436f8ca979ab3d69d03d19322aa970f9695",
                "sha256:41388e32e40b41dd56eb37fcaa7488b2b47b0adf77c66154d6b89622c110dfe9",
                "sha256:42c16cec1c8cf2728f1d539bd55aaa9d6bb48a7de2f41eb944697293ef65a559",
                "sha256:47ee7a839f5885bc0c63a74aabb91f6f40d7d7b639253768c4199b37aede7982",
                "sha256:5a311ee4d983c487a0ab546708edbdd759393a3dc9cd30305170149fedd23c88",
                "sha256:5dc65644f75a4c2970f21394ad8bea1a844104f0fe01f278631be1c7eae27226",
                "sha256:6ed0d073a9c54ac40c41a9c2d53fcc3d4d4ed607670b9e7b0de1ba13b4cbfe6f",
                "sha256:76ba7c40e80f9dc815c5e896330700fd6e20814e69da9c1267d65a4d051080f1",
                "sha256:818b9be7900e8dc23e013a92779135623476f44a0de58b40c32a15368c01d471",
                "sha256:a024181d7aef0004d76fb3bce2a4c9f2e67a609a9e2a6ff2571d30e9976aa383",
                "sha256:a955e4128ac36797aaffd49ab44ec74a71c11d6938df83b1285492d277db5397",
                "sha256:a97a954a8c2f046d3817c2bce16e3c7e9a9c2afffaf0400f5c16df5172a67c9c",
                "sha256:a97e82c39d9856fe7d4f9b86d8a1e66eff99cf3a8b7ba48202f659703d27c46f",
                "sha256:b55b953a1bdb465f4dc181758570d321db4ac23005f90ffd2b434cc6609a63dd",
                "sha256:bb02929b0d6bfab4c48a79bd805bd7419114606947ec8284476167415171f55b",
                "sha256:bece0a4a49e60e472a6d1f70ac6cdea00f9ab80ff01132f96bd970cdd8a9e5a9",
                "sha256:e41e8951749c4b5c9a2dc5fdbc1a4eec6ab2a140fdae9b460b0f557eed870f4d",
                "sha256:f71d57cc8645f14816ae249407d309be250ad8de93ef61d9709b45a0ddf4050c"
            ],
            "markers": "python_version >= '3.8'",
            "version": "==1.22.0"
        },
        "opencv-contrib-python": {
            "hashes": [
                "sha256:03ac8e26168ff47913eae6599a18677dc59c63dce79302da4d3463ed152d9181",
                "sha256:0e339f6642bd9795b76bb60ef6bb1dfc26fc37fe740e53efe3f548d4c4eadfb2",
                "sha256:189747be0c23e4eb969d7e2646330659ba96b762706f747c494385c6c1ad271b",
                "sha256:1e5524d439e35300d16b63e665f1723815ddc3589faedfd04befd8a8a7a68258",
                "sha256:242e00a67776de26417d92881a4de3ffd0f4b11827ff358af8827c289583e62e",
                "sha256:48fab212b52ab9734b68ed9ef5b967faa031aed4f985b89edc52315342590770",
                "sha256:4df2964163ff9b9ec7847a3292044903c4e0b569a5fd2cb21bdf289118ee93e0",
                "sha256:4ee37623947bb21cc76a7a263a849aa51eeda5889f2ee8fe614f7ee5f0d8a9c8",
                "sha256:5669e35eb8ca6c90463a62c384f2591ec9dd4c0451d80a79c3cd0640f982b410",
                "sha256:7bd5784347a7129965a6a877306575c25ad8ba3f51ddf1072258d7c900f2c0ad",
                "sha256:7ff3a3e7076ddc5872918c9ab75b52631f131e7d9db0ab06a03a0fca692d0769",
                "sha256:92af26ec3e3c28ce3b212defa8fdaf351cca5a79bf8381d1a226f7306ebc679a",
                "sha256:9f8f264ee6295333b4f37b319a99d55ea38690f262d1f4561b8e65f2fad1da4f",
                "sha256:ad14a6ee335e17d0e5872129433b85cb1c4e9eccf9e2fe1845d9673640cb7947",
                "sha256:b3faa83874f32ae380ab822a12d1f8af652fb70dbaff01b8986f732df628ee6b",
                "sha256:b843462a8e0d0b51941c5b164226825640941355d83ecd731e72365be00e387f",
                "sha256:baf98e86f0651e3230829e13698bddc657e66dbc8a75410dd67d416b66f25be8",
                "sha256:c8a05a5786cc5a0f74ccc4d9e1f436edc2d0630718d066c78c4094abba1c2f41",
                "sha256:e00b1a18aa6e59418741dd3378a0838805aefe33906b31280a53ba04155a1f77",
                "sha256:e5af77c29bc3b775358fd3c7305643409386beb7862931a1c10dca63e2ba40b2",
                "sha256:fda8d9c1cb7c0e52e9513a5f03a4374cf158ed8d1294e7a627b191e213a37d22"
            ],
            "index": "pypi",
            "version": "==4.4.0.46"
        },
        "opencv-python": {
            "hashes": [
                "sha256:0548981fe189e0d57b9cc65066b66fd70d4bc84ea906f349a63d9098e1b911c6",
                "sha256:117dbb2fd184de28d831f14c1da17864efcee7bb7895e43adf40f5e1da9137fb",
                "sha256:135e05b69ab9665cbe2589f56e60895219bc2443a632bdc4bde72fb95eda1582",
                "sha256:14df77490c8aedceae74e660564d48c04761658aecc93895ac5e974006a89606",
                "sha256:17581c68400f828700e5c6b3b082f50c781bf74cb9a7b972a04f05d26c8e894a",
                "sha256:4af0053c6a70f127a52c26b112341826d3dbfce6955beb9044d3eabd7e14d1cd",
                "sha256:51baebb0f8f3cae4cccd30daf018a5bb75cb759d5658aea29100d34cd5cac106",
                "sha256:6022609b67f9c0f14e6807e782660d1d1be94d4f0c7bc1794d7d8f600014acb2",
                "sha256:68a9ec7e32f82cab267b6f757d9862a9a930371062739f9d00472e7c850c5854",
                "sha256:6b1d85cbb64ce20ac5f79ad8e3e76a3dbff53d258c65f2fc0b9411321147a0be",
                "sha256:6b6d23de6d5ddc55e865ac8532bf8062b26ba70305fa1c87c671717027dcd370",
                "sha256:744e9ae2fb4c8574e6d4a762146b4d0984bdec60b98480fc54a363c03a07a1ac",
                "sha256:7fe81d08df4eb5dc4c6aa5f09888b6fd390fce5fa7d5624a98cac890b9aa6181",
                "sha256:8a8ebd7ceebc0be9c14ca3e25a1c4ae086016b469848258e998247f2fc855314",
                "sha256:8aeda9b2c37bf91fa88d67f09b85f2250661eec43d72184ec544783de204e96a",
                "sha256:9659e80059c9f39728c7dcc22032dff0d1d467f07b6cd8e036613393e4b7c71a",
                "sha256:c1382209a771ca8a25fe89d4a2377875538c6ed3cf8745280e65636cbd0988f2",
                "sha256:d80db278a07f51811dbf0f9c31ff7cd5b2501822fb7a7587e71f9ff27d5c04bd",
                "sha256:db874c65654465ef71d6e8618bed8c725722bc90624132b9512bf061abb4eec0",
                "sha256:e4c072cf4260063ebadc70e34d622fa1127a88e364475ed757709e249ebe990f",
                "sha256:f69a56e958ecb549ba84e0497a438080932b4d52ded441cec04d80afde71dc0a"
            ],
            "index": "pypi",
            "version": "==4.4.0.46"
        },
        "opencv-python-headless": {
            "hashes": [
                "sha256:169cfe7e47eef06913747a6614836a8dcbb16bcf769de0126f1eb08d86ed1a23",
                "sha256:25cdc9bc849e8c1c3e2686dd65f5d1ae399885707d7cb209eb453ac3925e9ab0",
                "sha256:3056805a97b80801b1918f6b5f1d9d4496cc384df83d3f35934ede29f3f11e16",
                "sha256:42bed0809dc284e9ee5dd965728c5cacea64893ea8d888c6ef2f5cfaaac80e60",
                "sha256:50a7873bfe0ab098c3bb33e473b8958f529c03515102e5f239554eb34b974ca1",
                "sha256:65d71ba8dcef1ae7bf7457aa35afa4e768f573468e13e56a5442de38c0024e0b",
                "sha256:7536bde3dee93683aad6333cd4834c0493b4f1defa8bfd455109e9a067feffc1",
                "sha256:7fc1ba11eac0ef152cebbf95291157041483116e2922e26316b3f5cf9f490f8d",
                "sha256:82330f0cbe8b77436dac583cc32bbeba6eb504ced75f18e18060c156926dbcd3",
                "sha256:85db4b5db9a7f205ebc8a94e03ab75df177b50eaa28829199310a67cc3acb170",
                "sha256:8b2c05e122706fe0f33dba32379bf20a9f28c1c0d814c163fc17cedc3976184c",
                "sha256:903afd7aaf9bc4bb16620660704cc610e369832fa66db1913f347ae34fb4f218",
                "sha256:abb2f30f3da51253a0da52943b75a303d414c2126f88ac42e249ef8517aca7e2",
                "sha256:b51fff52a751ae218901e9de86d12fb781bd3b364f798fd2f3f44a2a1657cbe2",
                "sha256:b906b0f52ee0368a19c5edd75d371a78c4777efe0bc2da897d46f7b46a4fd02a",
                "sha256:c0a6b489c6a9214510a5c450c1ec82c0f98145ec5886f73a21f46a747315df77",
                "sha256:d641b06ad2a2e77e3de639c2d98906d8ab37cf1b32cf2842d2faa89cb57f68a4",
                "sha256:dfa0d1aa59a75739813ba8f888ea6db368e56cad928a4d41ecdca020c8ff9c70",
                "sha256:dfa6dfc8f2adc389c4315e197583e5b5ff7bd30f8e6bd6152377b9b0bc9e8e70",
                "sha256:e654fca074c09855033eb640f8bdeeacce5d0e4a7e93622a7a457d553708a98f",
                "sha256:f0b4b369470a1e4b5e0c353eec1eb930238e41bcc79b977dadc189cc2b7bd03f"
            ],
            "index": "pypi",
            "version": "==4.4.0.46"
        }
    },
    "develop": {}
}
